
Microsoft Visual Studio Solution File, Format Version 12.00
# Visual Studio 15
VisualStudioVersion = 15.0.28307.489
MinimumVisualStudioVersion = 10.0.40219.1
Project("{FAE04EC0-301F-11D3-BF4B-00C04F79EFBC}") = "Blog", "Blog\Blog.csproj", "{24F70B18-3C4C-4361-9AE8-523AF27070C7}"
EndProject
Global
	GlobalSection(SolutionConfigurationPlatforms) = preSolution
		Debug|Any CPU = Debug|Any CPU
		Release|Any CPU = Release|Any CPU
	EndGlobalSection
	GlobalSection(ProjectConfigurationPlatforms) = postSolution
		{24F70B18-3C4C-4361-9AE8-523AF27070C7}.Debug|Any CPU.ActiveCfg = Debug|Any CPU
		{24F70B18-3C4C-4361-9AE8-523AF27070C7}.Debug|Any CPU.Build.0 = Debug|Any CPU
		{24F70B18-3C4C-4361-9AE8-523AF27070C7}.Release|Any CPU.ActiveCfg = Release|Any CPU
		{24F70B18-3C4C-4361-9AE8-523AF27070C7}.Release|Any CPU.Build.0 = Release|Any CPU
	EndGlobalSection
	GlobalSection(SolutionProperties) = preSolution
		HideSolutionNode = FALSE
	EndGlobalSection
	GlobalSection(ExtensibilityGlobals) = postSolution
		SolutionGuid = {EBDEDBE5-3D8F-4766-ADEF-53F3CAA25946}
	EndGlobalSection
EndGlobal
