
Microsoft Visual Studio Solution File, Format Version 12.00
# Visual Studio 15
VisualStudioVersion = 15.0.28307.489
MinimumVisualStudioVersion = 10.0.40219.1
Project("{9A19103F-16F7-4668-BE54-9A1E7A4F7556}") = "Blog", "Blog\Blog.csproj", "{24F70B18-3C4C-4361-9AE8-523AF27070C7}"
EndProject
Project("{9A19103F-16F7-4668-BE54-9A1E7A4F7556}") = "Blog.Data", "Blog.Data\Blog.Data.csproj", "{328024F1-866E-4832-B34A-B6737DC5C531}"
EndProject
Project("{9A19103F-16F7-4668-BE54-9A1E7A4F7556}") = "Blog.Data.Model", "Blog.Data.Model\Blog.Data.Model.csproj", "{CF5D85C6-991E-4A42-A774-D239728DE44B}"
EndProject
Project("{9A19103F-16F7-4668-BE54-9A1E7A4F7556}") = "Blog.BackOffice", "Blog.BackOffice\Blog.BackOffice.csproj", "{C1DBC1E0-E39D-47EF-ACA5-E04C9F6A8DCB}"
EndProject
Project("{FAE04EC0-301F-11D3-BF4B-00C04F79EFBC}") = "Blog.Business", "Blog.Business\Blog.Business.csproj", "{1AEC17D1-A1CF-4034-BEE4-2EA6F9C528CA}"
EndProject
Global
	GlobalSection(SolutionConfigurationPlatforms) = preSolution
		Debug|Any CPU = Debug|Any CPU
		Release|Any CPU = Release|Any CPU
	EndGlobalSection
	GlobalSection(ProjectConfigurationPlatforms) = postSolution
		{24F70B18-3C4C-4361-9AE8-523AF27070C7}.Debug|Any CPU.ActiveCfg = Debug|Any CPU
		{24F70B18-3C4C-4361-9AE8-523AF27070C7}.Debug|Any CPU.Build.0 = Debug|Any CPU
		{24F70B18-3C4C-4361-9AE8-523AF27070C7}.Release|Any CPU.ActiveCfg = Release|Any CPU
		{24F70B18-3C4C-4361-9AE8-523AF27070C7}.Release|Any CPU.Build.0 = Release|Any CPU
		{328024F1-866E-4832-B34A-B6737DC5C531}.Debug|Any CPU.ActiveCfg = Debug|Any CPU
		{328024F1-866E-4832-B34A-B6737DC5C531}.Debug|Any CPU.Build.0 = Debug|Any CPU
		{328024F1-866E-4832-B34A-B6737DC5C531}.Release|Any CPU.ActiveCfg = Release|Any CPU
		{328024F1-866E-4832-B34A-B6737DC5C531}.Release|Any CPU.Build.0 = Release|Any CPU
		{CF5D85C6-991E-4A42-A774-D239728DE44B}.Debug|Any CPU.ActiveCfg = Debug|Any CPU
		{CF5D85C6-991E-4A42-A774-D239728DE44B}.Debug|Any CPU.Build.0 = Debug|Any CPU
		{CF5D85C6-991E-4A42-A774-D239728DE44B}.Release|Any CPU.ActiveCfg = Release|Any CPU
		{CF5D85C6-991E-4A42-A774-D239728DE44B}.Release|Any CPU.Build.0 = Release|Any CPU
		{C1DBC1E0-E39D-47EF-ACA5-E04C9F6A8DCB}.Debug|Any CPU.ActiveCfg = Debug|Any CPU
		{C1DBC1E0-E39D-47EF-ACA5-E04C9F6A8DCB}.Debug|Any CPU.Build.0 = Debug|Any CPU
		{C1DBC1E0-E39D-47EF-ACA5-E04C9F6A8DCB}.Release|Any CPU.ActiveCfg = Release|Any CPU
		{C1DBC1E0-E39D-47EF-ACA5-E04C9F6A8DCB}.Release|Any CPU.Build.0 = Release|Any CPU
		{1AEC17D1-A1CF-4034-BEE4-2EA6F9C528CA}.Debug|Any CPU.ActiveCfg = Debug|Any CPU
		{1AEC17D1-A1CF-4034-BEE4-2EA6F9C528CA}.Debug|Any CPU.Build.0 = Debug|Any CPU
		{1AEC17D1-A1CF-4034-BEE4-2EA6F9C528CA}.Release|Any CPU.ActiveCfg = Release|Any CPU
		{1AEC17D1-A1CF-4034-BEE4-2EA6F9C528CA}.Release|Any CPU.Build.0 = Release|Any CPU
	EndGlobalSection
	GlobalSection(SolutionProperties) = preSolution
		HideSolutionNode = FALSE
	EndGlobalSection
	GlobalSection(ExtensibilityGlobals) = postSolution
		SolutionGuid = {EBDEDBE5-3D8F-4766-ADEF-53F3CAA25946}
	EndGlobalSection
EndGlobal
